
Microsoft Visual Studio Solution File, Format Version 12.00
Project("{FAE04EC0-301F-11D3-BF4B-00C04F79EFBC}") = "MermaidBlazorWebApp", "MermaidBlazorWebApp\MermaidBlazorWebApp.csproj", "{0D50B1EB-26F5-411E-8B8A-0CB5FF802A1F}"
EndProject
Global
	GlobalSection(SolutionConfigurationPlatforms) = preSolution
		Debug|Any CPU = Debug|Any CPU
		Release|Any CPU = Release|Any CPU
	EndGlobalSection
	GlobalSection(ProjectConfigurationPlatforms) = postSolution
		{0D50B1EB-26F5-411E-8B8A-0CB5FF802A1F}.Debug|Any CPU.ActiveCfg = Debug|Any CPU
		{0D50B1EB-26F5-411E-8B8A-0CB5FF802A1F}.Debug|Any CPU.Build.0 = Debug|Any CPU
		{0D50B1EB-26F5-411E-8B8A-0CB5FF802A1F}.Release|Any CPU.ActiveCfg = Release|Any CPU
		{0D50B1EB-26F5-411E-8B8A-0CB5FF802A1F}.Release|Any CPU.Build.0 = Release|Any CPU
	EndGlobalSection
EndGlobal
