
Microsoft Visual Studio Solution File, Format Version 12.00
Project("{FAE04EC0-301F-11D3-BF4B-00C04F79EFBC}") = "MermaidAspNetMvc", "MermaidAspNetMvc\MermaidAspNetMvc.csproj", "{F91DC267-5C4A-464B-A652-C056AB4C40DB}"
EndProject
Global
	GlobalSection(SolutionConfigurationPlatforms) = preSolution
		Debug|Any CPU = Debug|Any CPU
		Release|Any CPU = Release|Any CPU
	EndGlobalSection
	GlobalSection(ProjectConfigurationPlatforms) = postSolution
		{F91DC267-5C4A-464B-A652-C056AB4C40DB}.Debug|Any CPU.ActiveCfg = Debug|Any CPU
		{F91DC267-5C4A-464B-A652-C056AB4C40DB}.Debug|Any CPU.Build.0 = Debug|Any CPU
		{F91DC267-5C4A-464B-A652-C056AB4C40DB}.Release|Any CPU.ActiveCfg = Release|Any CPU
		{F91DC267-5C4A-464B-A652-C056AB4C40DB}.Release|Any CPU.Build.0 = Release|Any CPU
	EndGlobalSection
EndGlobal
